
Microsoft Visual Studio Solution File, Format Version 12.00
# Visual Studio Version 16
VisualStudioVersion = 16.0.31410.357
MinimumVisualStudioVersion = 10.0.40219.1
Project("{9A19103F-16F7-4668-BE54-9A1E7A4F7556}") = "DoublyLinkedList", "DoublyLinkedList\DoublyLinkedList.csproj", "{B95BB336-86C9-4F4F-90ED-9AB3CBA139CA}"
EndProject
Global
	GlobalSection(SolutionConfigurationPlatforms) = preSolution
		Debug|Any CPU = Debug|Any CPU
		Release|Any CPU = Release|Any CPU
	EndGlobalSection
	GlobalSection(ProjectConfigurationPlatforms) = postSolution
		{B95BB336-86C9-4F4F-90ED-9AB3CBA139CA}.Debug|Any CPU.ActiveCfg = Debug|Any CPU
		{B95BB336-86C9-4F4F-90ED-9AB3CBA139CA}.Debug|Any CPU.Build.0 = Debug|Any CPU
		{B95BB336-86C9-4F4F-90ED-9AB3CBA139CA}.Release|Any CPU.ActiveCfg = Release|Any CPU
		{B95BB336-86C9-4F4F-90ED-9AB3CBA139CA}.Release|Any CPU.Build.0 = Release|Any CPU
	EndGlobalSection
	GlobalSection(SolutionProperties) = preSolution
		HideSolutionNode = FALSE
	EndGlobalSection
	GlobalSection(ExtensibilityGlobals) = postSolution
		SolutionGuid = {27A21C7A-0407-4EC7-A055-99DAE041ACBE}
	EndGlobalSection
EndGlobal
